
Microsoft Visual Studio Solution File, Format Version 12.00
# Visual Studio Version 17
VisualStudioVersion = 17.4.33213.308
MinimumVisualStudioVersion = 10.0.40219.1
Project("{FAE04EC0-301F-11D3-BF4B-00C04F79EFBC}") = "FitnessServices.web", "FitnessServices.web\FitnessServices.web.csproj", "{3EDFA4B2-573E-4C1E-AA16-DD18C457AC74}"
EndProject
Global
	GlobalSection(SolutionConfigurationPlatforms) = preSolution
		Debug|Any CPU = Debug|Any CPU
		Release|Any CPU = Release|Any CPU
	EndGlobalSection
	GlobalSection(ProjectConfigurationPlatforms) = postSolution
		{3EDFA4B2-573E-4C1E-AA16-DD18C457AC74}.Debug|Any CPU.ActiveCfg = Debug|Any CPU
		{3EDFA4B2-573E-4C1E-AA16-DD18C457AC74}.Debug|Any CPU.Build.0 = Debug|Any CPU
		{3EDFA4B2-573E-4C1E-AA16-DD18C457AC74}.Release|Any CPU.ActiveCfg = Release|Any CPU
		{3EDFA4B2-573E-4C1E-AA16-DD18C457AC74}.Release|Any CPU.Build.0 = Release|Any CPU
	EndGlobalSection
	GlobalSection(SolutionProperties) = preSolution
		HideSolutionNode = FALSE
	EndGlobalSection
	GlobalSection(ExtensibilityGlobals) = postSolution
		SolutionGuid = {EF239129-BA77-49D4-B3F5-8BE222B1C0A6}
	EndGlobalSection
EndGlobal
